{
    "_meta": {
        "hash": {
            "sha256": "fa2540c6f80b682aac52bc97eebe7ac84fe038211922415566b072611f41e256"
        },
        "requires": {},
        "sources": [
            {
                "url": "https://pypi.python.org/simple",
                "verify_ssl": true
            }
        ]
    },
    "default": {
        "bleach": {
            "version": "==1.5.0"
        },
        "click": {
            "version": "==6.7"
        },
        "enum34": {
            "version": "==1.1.6"
        },
        "flask": {
            "version": "==0.12.2"
        },
        "gunicorn": {
            "version": "==19.7.1"
        },
        "html5lib": {
            "version": "==0.9999999"
        },
        "itsdangerous": {
            "version": "==0.24"
        },
        "jinja2": {
            "version": "==2.10"
        },
        "markdown": {
            "version": "==2.6.9"
        },
        "markupsafe": {
            "version": "==1.0"
        },
        "nltk": {
            "version": "==3.2.5"
        },
        "numpy": {
            "version": "==1.13.3"
        },
        "protobuf": {
            "version": "==3.5.0"
        },
        "setuptools": {
            "version": "==37.0.0"
        },
        "six": {
            "version": "==1.11.0"
        },
        "tensorflow": {
            "version": "==1.4.0"
        },
        "tensorflow-tensorboard": {
            "version": "==0.4.0rc3"
        },
        "werkzeug": {
            "version": "==0.12.2"
        },
        "wheel": {
            "version": "==0.30.0"
        }
    },
    "develop": {}
}
